{
  "name": "convo",
  "lockfileVersion": 3,
  "requires": true,
  "packages": {
    "": {
      "name": "convo",
      "dependencies": {
        "hono": "^4.12.0",
        "jose": "^5.9.6"
      },
      "devDependencies": {
        "@cloudflare/workers-types": "^4.20250610.0"
      }
    },
    "node_modules/@cloudflare/workers-types": {
      "version": "4.20260305.1",
      "resolved": "https://registry.npmjs.org/@cloudflare/workers-types/-/workers-types-4.20260305.1.tgz",
      "integrity": "sha512-835BZaIcgjuYIUqgOWJSpwQxFSJ8g/X1OCZFLO7bmirM6TGmVgIGwiGItBgkjUXXCPrYzJEldsJkuFuK7ePuMw==",
      "dev": true,
      "license": "MIT OR Apache-2.0"
    },
    "node_modules/hono": {
      "version": "4.12.5",
      "resolved": "https://registry.npmjs.org/hono/-/hono-4.12.5.tgz",
      "integrity": "sha512-3qq+FUBtlTHhtYxbxheZgY8NIFnkkC/MR8u5TTsr7YZ3wixryQ3cCwn3iZbg8p8B88iDBBAYSfZDS75t8MN7Vg==",
      "license": "MIT",
      "engines": {
        "node": ">=16.9.0"
      }
    },
    "node_modules/jose": {
      "version": "5.10.0",
      "resolved": "https://registry.npmjs.org/jose/-/jose-5.10.0.tgz",
      "integrity": "sha512-s+3Al/p9g32Iq+oqXxkW//7jk2Vig6FF1CFqzVXoTUXt2qz89YWbL+OwS17NFYEvxC35n0FKeGO2LGYSxeM2Gg==",
      "license": "MIT",
      "funding": {
        "url": "https://github.com/sponsors/panva"
      }
    }
  }
}
